
Microsoft Visual Studio Solution File, Format Version 12.00
# 
Project("{FAE04EC0-301F-11D3-BF4B-00C04F79EFBC}") = "UI", "UI\UI.csproj", "{62ECFFB3-75BC-4017-BEC8-82E34EEA0FF6}"
EndProject
Project("{2150E333-8FDC-42A3-9474-1A3956D46DE8}") = "SolutionFiles", "SolutionFiles", "{9B4D6463-BE71-446E-BBD1-0EF5F3833D94}"
	ProjectSection(SolutionItems) = preProject
		README.md = README.md
	EndProjectSection
EndProject
Project("{FAE04EC0-301F-11D3-BF4B-00C04F79EFBC}") = "FocusFlowWeb_Backup", "FocusFlowWeb_Backup\FocusFlowWeb_Backup.csproj", "{097E7C5F-C5F5-4BC7-B75E-3953D3A0522A}"
EndProject
Project("{FAE04EC0-301F-11D3-BF4B-00C04F79EFBC}") = "FocusFlowWeb", "FocusFlowWeb\FocusFlowWeb.csproj", "{310AF5CA-D081-47DE-AF05-35C447C8EC25}"
EndProject
Project("{FAE04EC0-301F-11D3-BF4B-00C04F79EFBC}") = "FocusFlowWeb_Template", "FocusFlowWeb_Template\FocusFlowWeb_Template.csproj", "{CB0C0A36-6853-4D4F-ABB4-CC17E4486060}"
EndProject
Global
	GlobalSection(SolutionConfigurationPlatforms) = preSolution
		Debug|Any CPU = Debug|Any CPU
		Release|Any CPU = Release|Any CPU
	EndGlobalSection
	GlobalSection(ProjectConfigurationPlatforms) = postSolution
		{62ECFFB3-75BC-4017-BEC8-82E34EEA0FF6}.Debug|Any CPU.ActiveCfg = Debug|Any CPU
		{62ECFFB3-75BC-4017-BEC8-82E34EEA0FF6}.Debug|Any CPU.Build.0 = Debug|Any CPU
		{62ECFFB3-75BC-4017-BEC8-82E34EEA0FF6}.Release|Any CPU.ActiveCfg = Release|Any CPU
		{62ECFFB3-75BC-4017-BEC8-82E34EEA0FF6}.Release|Any CPU.Build.0 = Release|Any CPU
		{097E7C5F-C5F5-4BC7-B75E-3953D3A0522A}.Debug|Any CPU.ActiveCfg = Debug|Any CPU
		{097E7C5F-C5F5-4BC7-B75E-3953D3A0522A}.Debug|Any CPU.Build.0 = Debug|Any CPU
		{097E7C5F-C5F5-4BC7-B75E-3953D3A0522A}.Release|Any CPU.ActiveCfg = Release|Any CPU
		{097E7C5F-C5F5-4BC7-B75E-3953D3A0522A}.Release|Any CPU.Build.0 = Release|Any CPU
		{310AF5CA-D081-47DE-AF05-35C447C8EC25}.Debug|Any CPU.ActiveCfg = Debug|Any CPU
		{310AF5CA-D081-47DE-AF05-35C447C8EC25}.Debug|Any CPU.Build.0 = Debug|Any CPU
		{310AF5CA-D081-47DE-AF05-35C447C8EC25}.Release|Any CPU.ActiveCfg = Release|Any CPU
		{310AF5CA-D081-47DE-AF05-35C447C8EC25}.Release|Any CPU.Build.0 = Release|Any CPU
		{CB0C0A36-6853-4D4F-ABB4-CC17E4486060}.Debug|Any CPU.ActiveCfg = Debug|Any CPU
		{CB0C0A36-6853-4D4F-ABB4-CC17E4486060}.Debug|Any CPU.Build.0 = Debug|Any CPU
		{CB0C0A36-6853-4D4F-ABB4-CC17E4486060}.Release|Any CPU.ActiveCfg = Release|Any CPU
		{CB0C0A36-6853-4D4F-ABB4-CC17E4486060}.Release|Any CPU.Build.0 = Release|Any CPU
	EndGlobalSection
EndGlobal
