
Microsoft Visual Studio Solution File, Format Version 12.00
#
Project("{2150E333-8FDC-42A3-9474-1A3956D46DE8}") = "SolutionFiles", "SolutionFiles", "{9B4D6463-BE71-446E-BBD1-0EF5F3833D94}"
	ProjectSection(SolutionItems) = preProject
		README.md = README.md
	EndProjectSection
EndProject
Project("{FAE04EC0-301F-11D3-BF4B-00C04F79EFBC}") = "FocusFlowWasm", "FocusFlowWasm\FocusFlowWasm.csproj", "{BECB0E01-81BD-476A-BF51-66015AEB02E1}"
EndProject
Global
	GlobalSection(SolutionConfigurationPlatforms) = preSolution
		Debug|Any CPU = Debug|Any CPU
		Release|Any CPU = Release|Any CPU
	EndGlobalSection
	GlobalSection(ProjectConfigurationPlatforms) = postSolution
		{BECB0E01-81BD-476A-BF51-66015AEB02E1}.Debug|Any CPU.ActiveCfg = Debug|Any CPU
		{BECB0E01-81BD-476A-BF51-66015AEB02E1}.Debug|Any CPU.Build.0 = Debug|Any CPU
		{BECB0E01-81BD-476A-BF51-66015AEB02E1}.Release|Any CPU.ActiveCfg = Release|Any CPU
		{BECB0E01-81BD-476A-BF51-66015AEB02E1}.Release|Any CPU.Build.0 = Release|Any CPU
	EndGlobalSection
EndGlobal
